# THIS IS AN AUTOGENERATED FILE. DO NOT EDIT THIS FILE DIRECTLY.
# yarn lockfile v1


"@csstools/cascade-layer-name-parser@^1.0.2":
  version "1.0.2"
  resolved "https://registry.yarnpkg.com/@csstools/cascade-layer-name-parser/-/cascade-layer-name-parser-1.0.2.tgz#35253f57c6c83d684fe396672486c644e6a84127"
  integrity sha512-xm7Mgwej/wBfLoK0K5LfntmPJzoULayl1XZY9JYgQgT29JiqNw++sLnx95u5y9zCihblzkyaRYJrsRMhIBzRdg==

"@csstools/color-helpers@^2.0.0":
  version "2.0.0"
  resolved "https://registry.yarnpkg.com/@csstools/color-helpers/-/color-helpers-2.0.0.tgz#4ac578cb00b4e853b94f2250267d85ba957c4fc9"
  integrity sha512-VcPjEnp07RNgz/D+oI2uIALg+IPCSl6mj0XhA3pl3F2bM2B95vgzatExmmzSg/X0zkh+R2v+jFY/J2pV/bnwpw==

"@csstools/css-calc@^1.1.1":
  version "1.1.1"
  resolved "https://registry.yarnpkg.com/@csstools/css-calc/-/css-calc-1.1.1.tgz#c622728b7f0c9aae70952623c2b0d3d114752987"
  integrity sha512-Nh+iLCtjlooTzuR0lpmB8I6hPX/VupcGQ3Z1U2+wgJJ4fa8+cWkub+lCsbZcYPzBGsZLEL8fQAg+Na5dwEFJxg==

"@csstools/css-color-parser@^1.1.2":
  version "1.1.2"
  resolved "https://registry.yarnpkg.com/@csstools/css-color-parser/-/css-color-parser-1.1.2.tgz#e5956c0fe9c30d9f228b0e37173ff61f0dd89dad"
  integrity sha512-MjW/VspbFSkvbuou7tUUu2+FAlAR7VJ/PA69M9EGKltThbONC8nyW33wHRzNvLzRLGstZLEO5X5oR7IMhMDi0A==
  dependencies:
    "@csstools/color-helpers" "^2.0.0"
    "@csstools/css-calc" "^1.1.1"

"@csstools/css-parser-algorithms@^2.1.1":
  version "2.1.1"
  resolved "https://registry.yarnpkg.com/@csstools/css-parser-algorithms/-/css-parser-algorithms-2.1.1.tgz#7b62e6412a468a2d1096ed267edd1e4a7fd4a119"
  integrity sha512-viRnRh02AgO4mwIQb2xQNJju0i+Fh9roNgmbR5xEuG7J3TGgxjnE95HnBLgsFJOJOksvcfxOUCgODcft6Y07cA==

"@csstools/css-tokenizer@^2.1.1":
  version "2.1.1"
  resolved "https://registry.yarnpkg.com/@csstools/css-tokenizer/-/css-tokenizer-2.1.1.tgz#07ae11a0a06365d7ec686549db7b729bc036528e"
  integrity sha512-GbrTj2Z8MCTUv+52GE0RbFGM527xuXZ0Xa5g0Z+YN573uveS4G0qi6WNOMyz3yrFM/jaILTTwJ0+umx81EzqfA==

"@csstools/media-query-list-parser@^2.0.4":
  version "2.0.4"
  resolved "https://registry.yarnpkg.com/@csstools/media-query-list-parser/-/media-query-list-parser-2.0.4.tgz#466bd254041530dfd1e88bcb1921e8ca4af75b6a"
  integrity sha512-GyYot6jHgcSDZZ+tLSnrzkR7aJhF2ZW6d+CXH66mjy5WpAQhZD4HDke2OQ36SivGRWlZJpAz7TzbW6OKlEpxAA==

"@csstools/postcss-cascade-layers@^3.0.1":
  version "3.0.1"
  resolved "https://registry.yarnpkg.com/@csstools/postcss-cascade-layers/-/postcss-cascade-layers-3.0.1.tgz#d839386e90428b448e3f75276bc01d516e852a0d"
  integrity sha512-dD8W98dOYNOH/yX4V4HXOhfCOnvVAg8TtsL+qCGNoKXuq5z2C/d026wGWgySgC8cajXXo/wNezS31Glj5GcqrA==
  dependencies:
    "@csstools/selector-specificity" "^2.0.2"
    postcss-selector-parser "^6.0.10"

"@csstools/postcss-color-function@^2.2.1":
  version "2.2.1"
  resolved "https://registry.yarnpkg.com/@csstools/postcss-color-function/-/postcss-color-function-2.2.1.tgz#fa28cc742c29ae63dbe0812dd9a03998a67dd318"
  integrity sha512-T52iiqmzyKk09B9iNTQbuWa9Tn83SztXY7o6r2+j+o1BS/7+CiCjTgN2HgzybDmx8cr6XYhQ1BzqgV9tJzhrmw==
  dependencies:
    "@csstools/css-color-parser" "^1.1.2"
    "@csstools/css-parser-algorithms" "^2.1.1"
    "@csstools/css-tokenizer" "^2.1.1"
    "@csstools/postcss-progressive-custom-properties" "^2.0.0"

"@csstools/postcss-color-mix-function@^1.0.1":
  version "1.0.1"
  resolved "https://registry.yarnpkg.com/@csstools/postcss-color-mix-function/-/postcss-color-mix-function-1.0.1.tgz#587f7df69d40f84c7bb4e9d7f178266cb7f6851b"
  integrity sha512-NSVrzjVcI4TMzDfh6GKZXvEuelT81xpXzruuTNJrwKMTZXEBHY9G2gvmr0eC0wwmL8EF1TblXyPPfBbZobvfXg==
  dependencies:
    "@csstools/css-color-parser" "^1.1.2"
    "@csstools/css-parser-algorithms" "^2.1.1"
    "@csstools/css-tokenizer" "^2.1.1"
    "@csstools/postcss-progressive-custom-properties" "^2.0.0"

"@csstools/postcss-font-format-keywords@^2.0.2":
  version "2.0.2"
  resolved "https://registry.yarnpkg.com/@csstools/postcss-font-format-keywords/-/postcss-font-format-keywords-2.0.2.tgz#d798d96f4af6cddcfee459f598c976e6011042d2"
  integrity sha512-iKYZlIs6JsNT7NKyRjyIyezTCHLh4L4BBB3F5Nx7Dc4Z/QmBgX+YJFuUSar8IM6KclGiAUFGomXFdYxAwJydlA==
  dependencies:
    postcss-value-parser "^4.2.0"

"@csstools/postcss-gradients-interpolation-method@^3.0.4":
  version "3.0.4"
  resolved "https://registry.yarnpkg.com/@csstools/postcss-gradients-interpolation-method/-/postcss-gradients-interpolation-method-3.0.4.tgz#c03402087c41feee0115f714cc87696e6424ba92"
  integrity sha512-GgKoY7OlvL65UPigEdlrvMAUCR5kOQCjtue2/36TPrBNoRS6KM2KOqmjIVsxEwYYwK+L28pdnM8r10m03hhZxA==
  dependencies:
    "@csstools/css-color-parser" "^1.1.2"
    "@csstools/css-parser-algorithms" "^2.1.1"
    "@csstools/css-tokenizer" "^2.1.1"
    "@csstools/postcss-progressive-custom-properties" "^2.0.0"

"@csstools/postcss-hwb-function@^2.2.1":
  version "2.2.1"
  resolved "https://registry.yarnpkg.com/@csstools/postcss-hwb-function/-/postcss-hwb-function-2.2.1.tgz#ab50918104e4ef500c42e55e4ccdd27fc33d52b9"
  integrity sha512-eiqB4DIs+xqProAly7KwIgE04oze1YHb0QSCw/Y7062d9gpw+Cdif3Y0Z+Te+U7JROYdO0/0j91A6Qy8fo/Rlw==
  dependencies:
    "@csstools/css-color-parser" "^1.1.2"
    "@csstools/css-parser-algorithms" "^2.1.1"
    "@csstools/css-tokenizer" "^2.1.1"

"@csstools/postcss-ic-unit@^2.0.2":
  version "2.0.2"
  resolved "https://registry.yarnpkg.com/@csstools/postcss-ic-unit/-/postcss-ic-unit-2.0.2.tgz#5a5e481c53977deec3d63793788eec924d4c5f7d"
  integrity sha512-N84qGTJkfLTPj2qOG5P4CIqGjpZBbjOEMKMn+UjO5wlb9lcBTfBsxCF0lQsFdWJUzBHYFOz19dL66v71WF3Pig==
  dependencies:
    "@csstools/postcss-progressive-custom-properties" "^2.0.0"
    postcss-value-parser "^4.2.0"

"@csstools/postcss-is-pseudo-class@^3.2.0":
  version "3.2.0"
  resolved "https://registry.yarnpkg.com/@csstools/postcss-is-pseudo-class/-/postcss-is-pseudo-class-3.2.0.tgz#1277cc187bdb075013341dab42b4140d1cafae27"
  integrity sha512-uooelBL99jMg8ZD6xy0Pj1hSalchWmplcin00eI+JHpv1jW2iwbi1cn2UnVsToM4JLwJSZFzTSWCgSpmlyhe3A==
  dependencies:
    "@csstools/selector-specificity" "^2.0.0"
    postcss-selector-parser "^6.0.10"

"@csstools/postcss-logical-float-and-clear@^1.0.1":
  version "1.0.1"
  resolved "https://registry.yarnpkg.com/@csstools/postcss-logical-float-and-clear/-/postcss-logical-float-and-clear-1.0.1.tgz#d255ea7aad18880930b63d8a04164f56182f2ecf"
  integrity sha512-eO9z2sMLddvlfFEW5Fxbjyd03zaO7cJafDurK4rCqyRt9P7aaWwha0LcSzoROlcZrw1NBV2JAp2vMKfPMQO1xw==

"@csstools/postcss-logical-resize@^1.0.1":
  version "1.0.1"
  resolved "https://registry.yarnpkg.com/@csstools/postcss-logical-resize/-/postcss-logical-resize-1.0.1.tgz#826d3de929d7d786c32c2c118f78e813a1c2cdec"
  integrity sha512-x1ge74eCSvpBkDDWppl+7FuD2dL68WP+wwP2qvdUcKY17vJksz+XoE1ZRV38uJgS6FNUwC0AxrPW5gy3MxsDHQ==
  dependencies:
    postcss-value-parser "^4.2.0"

"@csstools/postcss-logical-viewport-units@^1.0.3":
  version "1.0.3"
  resolved "https://registry.yarnpkg.com/@csstools/postcss-logical-viewport-units/-/postcss-logical-viewport-units-1.0.3.tgz#63e212954015ecdc493878601c3daa4da6ba6714"
  integrity sha512-6zqcyRg9HSqIHIPMYdt6THWhRmE5/tyHKJQLysn2TeDf/ftq7Em9qwMTx98t2C/7UxIsYS8lOiHHxAVjWn2WUg==
  dependencies:
    "@csstools/css-tokenizer" "^2.1.1"

"@csstools/postcss-media-minmax@^1.0.2":
  version "1.0.2"
  resolved "https://registry.yarnpkg.com/@csstools/postcss-media-minmax/-/postcss-media-minmax-1.0.2.tgz#77efc4fdd96c7ff97f0d714c940187d25fd87619"
  integrity sha512-DsEykSINZTqlBefi1uSQBym1Rj0NQOj92dLRd5jUQpSy8yBVaXXmkiUgBUbb+gQh8imAdqPpz2v4sAUnw8yXXA==
  dependencies:
    "@csstools/css-calc" "^1.1.1"
    "@csstools/css-parser-algorithms" "^2.1.1"
    "@csstools/css-tokenizer" "^2.1.1"
    "@csstools/media-query-list-parser" "^2.0.4"

"@csstools/postcss-media-queries-aspect-ratio-number-values@^1.0.2":
  version "1.0.2"
  resolved "https://registry.yarnpkg.com/@csstools/postcss-media-queries-aspect-ratio-number-values/-/postcss-media-queries-aspect-ratio-number-values-1.0.2.tgz#23ca3c3decc79d9089c2028ded20a97a2c784eee"
  integrity sha512-rOSR5p+5m0joXUoitYgCyMqNCu97yfLsLG3cnNaM8VeJRCWHGEu5hE9Gv0M7n9A4wo2pYF8QqaxkTlWbSJY9Fg==
  dependencies:
    "@csstools/css-parser-algorithms" "^2.1.1"
    "@csstools/css-tokenizer" "^2.1.1"
    "@csstools/media-query-list-parser" "^2.0.4"

"@csstools/postcss-nested-calc@^2.0.2":
  version "2.0.2"
  resolved "https://registry.yarnpkg.com/@csstools/postcss-nested-calc/-/postcss-nested-calc-2.0.2.tgz#a0857650ef88b1aa7b094c7ea8ea1378c35695e0"
  integrity sha512-jbwrP8rN4e7LNaRcpx3xpMUjhtt34I9OV+zgbcsYAAk6k1+3kODXJBf95/JMYWhu9g1oif7r06QVUgfWsKxCFw==
  dependencies:
    postcss-value-parser "^4.2.0"

"@csstools/postcss-normalize-display-values@^2.0.1":
  version "2.0.1"
  resolved "https://registry.yarnpkg.com/@csstools/postcss-normalize-display-values/-/postcss-normalize-display-values-2.0.1.tgz#35dc188c5b4713cf902959fe3c8ce613fcb7543e"
  integrity sha512-TQT5g3JQ5gPXC239YuRK8jFceXF9d25ZvBkyjzBGGoW5st5sPXFVQS8OjYb9IJ/K3CdfK4528y483cgS2DJR/w==
  dependencies:
    postcss-value-parser "^4.2.0"

"@csstools/postcss-oklab-function@^2.2.1":
  version "2.2.1"
  resolved "https://registry.yarnpkg.com/@csstools/postcss-oklab-function/-/postcss-oklab-function-2.2.1.tgz#4f8f4d8d69e6e479e094b5d327c7b259352e8b81"
  integrity sha512-g4wrVopp6xXr1KetUK4Lj36P+PFPwvUUtd2gaqo7X/0xgJHmMtKMPhD9p77H9bmIpPtkIYQ8b7+7cdmrWNEVAw==
  dependencies:
    "@csstools/css-color-parser" "^1.1.2"
    "@csstools/css-parser-algorithms" "^2.1.1"
    "@csstools/css-tokenizer" "^2.1.1"
    "@csstools/postcss-progressive-custom-properties" "^2.0.0"

"@csstools/postcss-progressive-custom-properties@^2.0.0", "@csstools/postcss-progressive-custom-properties@^2.1.0":
  version "2.1.1"
  resolved "https://registry.yarnpkg.com/@csstools/postcss-progressive-custom-properties/-/postcss-progressive-custom-properties-2.1.1.tgz#82df9314451db63bf7f4975a4d32f148e85db490"
  integrity sha512-6p8eO5+j+9hn4h2Klr9dbmya0GIb9SRrnPaCxqR1muVlV1waAZq6YkmlApEwXrox9qxggSwGZD5TnLRIY9f7WA==
  dependencies:
    postcss-value-parser "^4.2.0"

"@csstools/postcss-scope-pseudo-class@^2.0.2":
  version "2.0.2"
  resolved "https://registry.yarnpkg.com/@csstools/postcss-scope-pseudo-class/-/postcss-scope-pseudo-class-2.0.2.tgz#6325e1e3b321093c59b008ec670bb772e17f06fe"
  integrity sha512-6Pvo4uexUCXt+Hz5iUtemQAcIuCYnL+ePs1khFR6/xPgC92aQLJ0zGHonWoewiBE+I++4gXK3pr+R1rlOFHe5w==
  dependencies:
    postcss-selector-parser "^6.0.10"

"@csstools/postcss-stepped-value-functions@^2.1.1":
  version "2.1.1"
  resolved "https://registry.yarnpkg.com/@csstools/postcss-stepped-value-functions/-/postcss-stepped-value-functions-2.1.1.tgz#f31aa0e7bd0ce3e4a0450573e1e27ce5e602b100"
  integrity sha512-YCvdF0GCZK35nhLgs7ippcxDlRVe5QsSht3+EghqTjnYnyl3BbWIN6fYQ1dKWYTJ+7Bgi41TgqQFfJDcp9Xy/w==
  dependencies:
    "@csstools/css-calc" "^1.1.1"
    "@csstools/css-parser-algorithms" "^2.1.1"
    "@csstools/css-tokenizer" "^2.1.1"

"@csstools/postcss-text-decoration-shorthand@^2.2.3":
  version "2.2.3"
  resolved "https://registry.yarnpkg.com/@csstools/postcss-text-decoration-shorthand/-/postcss-text-decoration-shorthand-2.2.3.tgz#e634a488aa5ba252907deb787ad6cc24b8c2bb0a"
  integrity sha512-PADJidg/tdhDk120aWlGuDxsp5ZTc9Nx7GhJ8t0qBCk5fOgLK6V3DsB9X6sOAhDokIihXKzjtUu15puac5McWw==
  dependencies:
    "@csstools/color-helpers" "^2.0.0"
    postcss-value-parser "^4.2.0"

"@csstools/postcss-trigonometric-functions@^2.1.1":
  version "2.1.1"
  resolved "https://registry.yarnpkg.com/@csstools/postcss-trigonometric-functions/-/postcss-trigonometric-functions-2.1.1.tgz#871a2048b0f81495d6cd8858ffb1fb04231ca741"
  integrity sha512-XcXmHEFfHXhvYz40FtDlA4Fp4NQln2bWTsCwthd2c+MCnYArUYU3YaMqzR5CrKP3pMoGYTBnp5fMqf1HxItNyw==
  dependencies:
    "@csstools/css-calc" "^1.1.1"
    "@csstools/css-parser-algorithms" "^2.1.1"
    "@csstools/css-tokenizer" "^2.1.1"

"@csstools/postcss-unset-value@^2.0.1":
  version "2.0.1"
  resolved "https://registry.yarnpkg.com/@csstools/postcss-unset-value/-/postcss-unset-value-2.0.1.tgz#67091dd6cff556bff896c95053eb070cc6b21c25"
  integrity sha512-oJ9Xl29/yU8U7/pnMJRqAZd4YXNCfGEdcP4ywREuqm/xMqcgDNDppYRoCGDt40aaZQIEKBS79LytUDN/DHf0Ew==

"@csstools/selector-specificity@^2.0.0", "@csstools/selector-specificity@^2.0.1", "@csstools/selector-specificity@^2.0.2":
  version "2.2.0"
  resolved "https://registry.yarnpkg.com/@csstools/selector-specificity/-/selector-specificity-2.2.0.tgz#2cbcf822bf3764c9658c4d2e568bd0c0cb748016"
  integrity sha512-+OJ9konv95ClSTOJCmMZqpd5+YGsB2S+x6w3E1oaM8UuR5j8nTNHYSz8c9BEPGDOCMQYIEEGlVPj/VY64iTbGw==

"@next/env@13.5.0":
  version "13.5.0"
  resolved "https://registry.yarnpkg.com/@next/env/-/env-13.5.0.tgz#a61dee2f29b09985847eabcc4c8a815031267a36"
  integrity sha512-mxhf/BskjPURT+qEjNP7wBvqre2q6OXEIbydF8BrH+duSSJQnB4/vzzuJDoahYwTXiUaXpouAnMWHZdG0HU62g==

"@next/swc-darwin-arm64@13.5.0":
  version "13.5.0"
  resolved "https://registry.yarnpkg.com/@next/swc-darwin-arm64/-/swc-darwin-arm64-13.5.0.tgz#45ea191e13593088572d0048d4ddfc1fcdb3c8ed"
  integrity sha512-DavPD8oRjSoCRJana5DCAWdRZ4nbS7/pPw13DlnukFfMPJUk5hCAC3+NbqEyekS/X1IBFdZWSV2lJIdzTn4s6w==

"@next/swc-darwin-x64@13.5.0":
  version "13.5.0"
  resolved "https://registry.yarnpkg.com/@next/swc-darwin-x64/-/swc-darwin-x64-13.5.0.tgz#582e8df7d563c057581bc118fff1cea79391d6e7"
  integrity sha512-s5QSKKB0CTKFWp3CNMC5GH1YOipH1Jjr5P3w+RQTC4Aybo6xPqeWp/UyDW0fxmLRq0e1zgnOMgDQRdxAkoThrw==

"@next/swc-linux-arm64-gnu@13.5.0":
  version "13.5.0"
  resolved "https://registry.yarnpkg.com/@next/swc-linux-arm64-gnu/-/swc-linux-arm64-gnu-13.5.0.tgz#7ee0a43b6635eca1e80a887304b7bfe31254a4a6"
  integrity sha512-E0fCKA8F2vfgZWwcv4iq642No75EiACSNUBNGvc5lx/ylqAUdNwE/9+x2SHv+LPUXFhZ6hZLR0Qox/oKgZqFlg==

"@next/swc-linux-arm64-musl@13.5.0":
  version "13.5.0"
  resolved "https://registry.yarnpkg.com/@next/swc-linux-arm64-musl/-/swc-linux-arm64-musl-13.5.0.tgz#99a1efd6b68a4d0dfdc24b81f14cd8b8251425a9"
  integrity sha512-jG/blDDLndFRUcafCQO4TOI3VuoIZh3jQriZ7JaVCgAEZe0D1EUrxKdbBarZ74isutHZ6DpNGRDi/0OHFZpJAA==

"@next/swc-linux-x64-gnu@13.5.0":
  version "13.5.0"
  resolved "https://registry.yarnpkg.com/@next/swc-linux-x64-gnu/-/swc-linux-x64-gnu-13.5.0.tgz#7c85acd45879a20d8fb102b3212e792924d02e93"
  integrity sha512-6JWR7U41uNL6HGwNbGg3Oedt+FN4YuA126sHWKTq3ic5kkhEusIIdVo7+WcswVJl8nTMB1yT3gEPwygQbVYVUA==

"@next/swc-linux-x64-musl@13.5.0":
  version "13.5.0"
  resolved "https://registry.yarnpkg.com/@next/swc-linux-x64-musl/-/swc-linux-x64-musl-13.5.0.tgz#23aad9ab7621f53bb947b727e659d85e74b0e31a"
  integrity sha512-uY+wrYfD5QUossqznwidOpJYmmcBwojToZx55shihtbTl6afVYzOxsUbRXLdWmZAa36ckxXpqkvuFNS8icQuug==

"@next/swc-win32-arm64-msvc@13.5.0":
  version "13.5.0"
  resolved "https://registry.yarnpkg.com/@next/swc-win32-arm64-msvc/-/swc-win32-arm64-msvc-13.5.0.tgz#5a45686335e5f54342faf9d9ed25f55a4107ce7f"
  integrity sha512-lWZ5vJTULxTOdLcRmrllNgAdDRSDwk8oqJMyDxpqS691NG5uhle9ZwRj3g1F1/vHNkDa+B7PmWhQgG0nmlbKZg==

"@next/swc-win32-ia32-msvc@13.5.0":
  version "13.5.0"
  resolved "https://registry.yarnpkg.com/@next/swc-win32-ia32-msvc/-/swc-win32-ia32-msvc-13.5.0.tgz#b9990965762aaa109bdeb7b49cbdc7e4af7f9014"
  integrity sha512-jirQXnVCU9hi3cHzgd33d4qSBXn1/0gUT/KtXqy9Ux9OTcIcjJT3TcAzoLJLTdhRg7op3MZoSnuFeWl8kmGGNw==

"@next/swc-win32-x64-msvc@13.5.0":
  version "13.5.0"
  resolved "https://registry.yarnpkg.com/@next/swc-win32-x64-msvc/-/swc-win32-x64-msvc-13.5.0.tgz#4385c5d9c0db39c2623aed566b3ec7fedaf6f190"
  integrity sha512-Q8QYLyWcMMUp3DohI04VyJbLNCfFMNTxYNhujvJD2lowuqnqApUBP2DxI/jCZRMFWgKi76n5u8UboLVeYXn6jA==

"@swc/helpers@0.5.2":
  version "0.5.2"
  resolved "https://registry.yarnpkg.com/@swc/helpers/-/helpers-0.5.2.tgz#85ea0c76450b61ad7d10a37050289eded783c27d"
  integrity sha512-E4KcWTpoLHqwPHLxidpOqQbcrZVgi0rsmmZXUle1jXmJfuIf/UWpczUJ7MZZ5tlxytgJXyp0w4PGkkeLiuIdZw==
  dependencies:
    tslib "^2.4.0"

"@types/body-scroll-lock@^3.1.0":
  version "3.1.0"
  resolved "https://registry.yarnpkg.com/@types/body-scroll-lock/-/body-scroll-lock-3.1.0.tgz#435f6abf682bf58640e1c2ee5978320b891970e7"
  integrity sha512-3owAC4iJub5WPqRhxd8INarF2bWeQq1yQHBgYhN0XLBJMpd5ED10RrJ3aKiAwlTyL5wK7RkBD4SZUQz2AAAMdA==

"@types/classnames@^2.3.1":
  version "2.3.1"
  resolved "https://registry.yarnpkg.com/@types/classnames/-/classnames-2.3.1.tgz#3c2467aa0f1a93f1f021e3b9bcf938bd5dfdc0dd"
  integrity sha512-zeOWb0JGBoVmlQoznvqXbE0tEC/HONsnoUNH19Hc96NFsTAwTXbTqb8FMYkru1F/iqp7a18Ws3nWJvtA1sHD1A==
  dependencies:
    classnames "*"

"@types/lodash.debounce@^4.0.7":
  version "4.0.7"
  resolved "https://registry.yarnpkg.com/@types/lodash.debounce/-/lodash.debounce-4.0.7.tgz#0285879defb7cdb156ae633cecd62d5680eded9f"
  integrity sha512-X1T4wMZ+gT000M2/91SYj0d/7JfeNZ9PeeOldSNoE/lunLeQXKvkmIumI29IaKMotU/ln/McOIvgzZcQ/3TrSA==
  dependencies:
    "@types/lodash" "*"

"@types/lodash@*":
  version "4.14.170"
  resolved "https://registry.yarnpkg.com/@types/lodash/-/lodash-4.14.170.tgz#0d67711d4bf7f4ca5147e9091b847479b87925d6"
  integrity sha512-bpcvu/MKHHeYX+qeEN8GE7DIravODWdACVA1ctevD8CN24RhPZIKMn9ntfAsrvLfSX3cR5RrBKAbYm9bGs0A+Q==

"@types/node@18.16.2":
  version "18.16.2"
  resolved "https://registry.yarnpkg.com/@types/node/-/node-18.16.2.tgz#2f610ea71034b3971c312192377f8a7178eb57f1"
  integrity sha512-GQW/JL/5Fz/0I8RpeBG9lKp0+aNcXEaVL71c0D2Q0QHDTFvlYKT7an0onCUXj85anv7b4/WesqdfchLc0jtsCg==

"@types/nprogress@^0.2.0":
  version "0.2.0"
  resolved "https://registry.yarnpkg.com/@types/nprogress/-/nprogress-0.2.0.tgz#86c593682d4199212a0509cc3c4d562bbbd6e45f"
  integrity sha512-1cYJrqq9GezNFPsWTZpFut/d4CjpZqA0vhqDUPFWYKF1oIyBz5qnoYMzR+0C/T96t3ebLAC1SSnwrVOm5/j74A==

"@types/prop-types@*":
  version "15.7.3"
  resolved "https://registry.yarnpkg.com/@types/prop-types/-/prop-types-15.7.3.tgz#2ab0d5da2e5815f94b0b9d4b95d1e5f243ab2ca7"
  integrity sha512-KfRL3PuHmqQLOG+2tGpRO26Ctg+Cq1E01D2DMriKEATHgWLfeNDmq9e29Q9WIky0dQ3NPkd1mzYH8Lm936Z9qw==

"@types/react@^18.2.0":
  version "18.2.0"
  resolved "https://registry.yarnpkg.com/@types/react/-/react-18.2.0.tgz#15cda145354accfc09a18d2f2305f9fc099ada21"
  integrity sha512-0FLj93y5USLHdnhIhABk83rm8XEGA7kH3cr+YUlvxoUGp1xNt/DINUMvqPxLyOQMzLmZe8i4RTHbvb8MC7NmrA==
  dependencies:
    "@types/prop-types" "*"
    "@types/scheduler" "*"
    csstype "^3.0.2"

"@types/scheduler@*":
  version "0.16.1"
  resolved "https://registry.yarnpkg.com/@types/scheduler/-/scheduler-0.16.1.tgz#18845205e86ff0038517aab7a18a62a6b9f71275"
  integrity sha512-EaCxbanVeyxDRTQBkdLb3Bvl/HK7PBK6UJjsSixB0iHKoWxE5uu2Q/DgtpOhPIojN0Zl1whvOd7PoHs2P0s5eA==

argparse@^1.0.7:
  version "1.0.10"
  resolved "https://registry.yarnpkg.com/argparse/-/argparse-1.0.10.tgz#bcd6791ea5ae09725e17e5ad988134cd40b3d911"
  integrity sha512-o5Roy6tNG4SL/FOkCAN6RzjiakZS25RLYFrcMttJqbdd8BWrnA+fGz57iN5Pb06pvBGvl5gQ0B48dJlslXvoTg==
  dependencies:
    sprintf-js "~1.0.2"

autoprefixer@^10.4.14:
  version "10.4.14"
  resolved "https://registry.yarnpkg.com/autoprefixer/-/autoprefixer-10.4.14.tgz#e28d49902f8e759dd25b153264e862df2705f79d"
  integrity sha512-FQzyfOsTlwVzjHxKEqRIAdJx9niO6VCBCoEwax/VLSoQF29ggECcPuBqUMZ+u8jCZOPSy8b8/8KnuFbp0SaFZQ==
  dependencies:
    browserslist "^4.21.5"
    caniuse-lite "^1.0.30001464"
    fraction.js "^4.2.0"
    normalize-range "^0.1.2"
    picocolors "^1.0.0"
    postcss-value-parser "^4.2.0"

browserslist@^4.21.5:
  version "4.21.5"
  resolved "https://registry.yarnpkg.com/browserslist/-/browserslist-4.21.5.tgz#75c5dae60063ee641f977e00edd3cfb2fb7af6a7"
  integrity sha512-tUkiguQGW7S3IhB7N+c2MV/HZPSCPAAiYBZXLsBhFB/PCy6ZKKsZrmBayHV9fdGV/ARIfJ14NkxKzRDjvp7L6w==
  dependencies:
    caniuse-lite "^1.0.30001449"
    electron-to-chromium "^1.4.284"
    node-releases "^2.0.8"
    update-browserslist-db "^1.0.10"

busboy@1.6.0:
  version "1.6.0"
  resolved "https://registry.yarnpkg.com/busboy/-/busboy-1.6.0.tgz#966ea36a9502e43cdb9146962523b92f531f6893"
  integrity sha512-8SFQbg/0hQ9xy3UNTB0YEnsNBbWfhf7RtnzpL7TkBiTBRfrQ9Fxcnz7VJsleJpyp6rVLvXiuORqjlHi5q+PYuA==
  dependencies:
    streamsearch "^1.1.0"

caniuse-lite@^1.0.30001406, caniuse-lite@^1.0.30001449, caniuse-lite@^1.0.30001464:
  version "1.0.30001481"
  resolved "https://registry.yarnpkg.com/caniuse-lite/-/caniuse-lite-1.0.30001481.tgz#f58a717afe92f9e69d0e35ff64df596bfad93912"
  integrity sha512-KCqHwRnaa1InZBtqXzP98LPg0ajCVujMKjqKDhZEthIpAsJl/YEIa3YvXjGXPVqzZVguccuu7ga9KOE1J9rKPQ==

classnames@*:
  version "2.3.1"
  resolved "https://registry.yarnpkg.com/classnames/-/classnames-2.3.1.tgz#dfcfa3891e306ec1dad105d0e88f4417b8535e8e"
  integrity sha512-OlQdbZ7gLfGarSqxesMesDa5uz7KFbID8Kpq/SxIoNGDqY8lSYs0D+hhtBXhcdB3rcbXArFr7vlHheLk1voeNA==

classnames@^2.3.2:
  version "2.3.2"
  resolved "https://registry.yarnpkg.com/classnames/-/classnames-2.3.2.tgz#351d813bf0137fcc6a76a16b88208d2560a0d924"
  integrity sha512-CSbhY4cFEJRe6/GQzIk5qXZ4Jeg5pcsP7b5peFSDpffpe1cqjASH/n9UTjBwOp6XpMSTwQ8Za2K5V02ueA7Tmw==

client-only@0.0.1:
  version "0.0.1"
  resolved "https://registry.yarnpkg.com/client-only/-/client-only-0.0.1.tgz#38bba5d403c41ab150bff64a95c85013cf73bca1"
  integrity sha512-IV3Ou0jSMzZrd3pZ48nLkT9DA7Ag1pnPzaiQhpW7c3RbcqqzvzzVu+L8gfqMp/8IM2MQtSiqaCxrrcfu8I8rMA==

css-blank-pseudo@^5.0.2:
  version "5.0.2"
  resolved "https://registry.yarnpkg.com/css-blank-pseudo/-/css-blank-pseudo-5.0.2.tgz#3df5cd950f64de960974da05e76954fd3d7442f9"
  integrity sha512-aCU4AZ7uEcVSUzagTlA9pHciz7aWPKA/YzrEkpdSopJ2pvhIxiQ5sYeMz1/KByxlIo4XBdvMNJAVKMg/GRnhfw==
  dependencies:
    postcss-selector-parser "^6.0.10"

css-has-pseudo@^5.0.2:
  version "5.0.2"
  resolved "https://registry.yarnpkg.com/css-has-pseudo/-/css-has-pseudo-5.0.2.tgz#8798118c705d858b7aeb9d839a39edd901c1cc83"
  integrity sha512-q+U+4QdwwB7T9VEW/LyO6CFrLAeLqOykC5mDqJXc7aKZAhDbq7BvGT13VGJe+IwBfdN2o3Xdw2kJ5IxwV1Sc9Q==
  dependencies:
    "@csstools/selector-specificity" "^2.0.1"
    postcss-selector-parser "^6.0.10"
    postcss-value-parser "^4.2.0"

css-prefers-color-scheme@^8.0.2:
  version "8.0.2"
  resolved "https://registry.yarnpkg.com/css-prefers-color-scheme/-/css-prefers-color-scheme-8.0.2.tgz#a0671f54eb19ed0d30b952574c0af11ec355fb6d"
  integrity sha512-OvFghizHJ45x7nsJJUSYLyQNTzsCU8yWjxAc/nhPQg1pbs18LMoET8N3kOweFDPy0JV0OSXN2iqRFhPBHYOeMA==

cssdb@^7.5.3:
  version "7.5.4"
  resolved "https://registry.yarnpkg.com/cssdb/-/cssdb-7.5.4.tgz#e34dafee5184d67634604e345e389ca79ac179ea"
  integrity sha512-fGD+J6Jlq+aurfE1VDXlLS4Pt0VtNlu2+YgfGOdMxRyl/HQ9bDiHTwSck1Yz8A97Dt/82izSK6Bp/4nVqacOsg==

cssesc@^3.0.0:
  version "3.0.0"
  resolved "https://registry.yarnpkg.com/cssesc/-/cssesc-3.0.0.tgz#37741919903b868565e1c09ea747445cd18983ee"
  integrity sha512-/Tb/JcjK111nNScGob5MNtsntNM1aCNUDipB/TkwZFhyDrrE47SOx/18wF2bbjgc3ZzCSKW1T5nt5EbFoAz/Vg==

csstype@^3.0.2:
  version "3.0.8"
  resolved "https://registry.yarnpkg.com/csstype/-/csstype-3.0.8.tgz#d2266a792729fb227cd216fb572f43728e1ad340"
  integrity sha512-jXKhWqXPmlUeoQnF/EhTtTl4C9SnrxSH/jZUih3jmO6lBKr99rP3/+FmrMj4EFpOXzMtXHAZkd3x0E6h6Fgflw==

electron-to-chromium@^1.4.284:
  version "1.4.376"
  resolved "https://registry.yarnpkg.com/electron-to-chromium/-/electron-to-chromium-1.4.376.tgz#a771d6c4db028634df126348a4f94075e07e7f65"
  integrity sha512-TFeOKd98TpJzRHkr4Aorn16QkMnuCQuGAE6IZ0wYF+qkbSfMPqjplvRppR02tMUpVxZz8nyBNvVm9lIZsqrbPQ==

escalade@^3.1.1:
  version "3.1.1"
  resolved "https://registry.yarnpkg.com/escalade/-/escalade-3.1.1.tgz#d8cfdc7000965c5a0174b4a82eaa5c0552742e40"
  integrity sha512-k0er2gUkLf8O0zKJiAhmkTnJlTvINGv7ygDNPbeIsX/TJjGJZHuh9B2UxbsaEkmlEo9MfhrSzmhIlhRlI2GXnw==

esprima@^4.0.0:
  version "4.0.1"
  resolved "https://registry.yarnpkg.com/esprima/-/esprima-4.0.1.tgz#13b04cdb3e6c5d19df91ab6987a8695619b0aa71"
  integrity sha512-eGuFFw7Upda+g4p+QHvnW0RyTX/SVeJBDM/gCtMARO0cLuT2HcEKnTPvhjV6aGeqrCB/sbNop0Kszm0jsaWU4A==

extend-shallow@^2.0.1:
  version "2.0.1"
  resolved "https://registry.yarnpkg.com/extend-shallow/-/extend-shallow-2.0.1.tgz#51af7d614ad9a9f610ea1bafbb989d6b1c56890f"
  integrity sha1-Ua99YUrZqfYQ6huvu5idaxxWiQ8=
  dependencies:
    is-extendable "^0.1.0"

fraction.js@^4.2.0:
  version "4.2.0"
  resolved "https://registry.yarnpkg.com/fraction.js/-/fraction.js-4.2.0.tgz#448e5109a313a3527f5a3ab2119ec4cf0e0e2950"
  integrity sha512-MhLuK+2gUcnZe8ZHlaaINnQLl0xRIGRfcGk2yl8xoQAfHrSsL3rYu6FCmBdkdbhc9EPlwyGHewaRsvwRMJtAlA==

glob-to-regexp@^0.4.1:
  version "0.4.1"
  resolved "https://registry.yarnpkg.com/glob-to-regexp/-/glob-to-regexp-0.4.1.tgz#c75297087c851b9a578bd217dd59a92f59fe546e"
  integrity sha512-lkX1HJXwyMcprw/5YUZc2s7DrpAiHB21/V+E1rHUrVNokkvB6bqMzT0VfV6/86ZNabt1k14YOIaT7nDvOX3Iiw==

graceful-fs@^4.1.2:
  version "4.2.11"
  resolved "https://registry.yarnpkg.com/graceful-fs/-/graceful-fs-4.2.11.tgz#4183e4e8bf08bb6e05bbb2f7d2e0c8f712ca40e3"
  integrity sha512-RbJ5/jmFcNNCcDV5o9eTnBLJ/HszWV0P73bc+Ff4nS/rJj+YaS6IGyiOL0VoBYX+l1Wrl3k63h/KrH+nhJ0XvQ==

gray-matter@^4.0.3:
  version "4.0.3"
  resolved "https://registry.yarnpkg.com/gray-matter/-/gray-matter-4.0.3.tgz#e893c064825de73ea1f5f7d88c7a9f7274288798"
  integrity sha512-5v6yZd4JK3eMI3FqqCouswVqwugaA9r4dNZB1wwcmrD02QkV5H0y7XBQW8QwQqEaZY1pM9aqORSORhJRdNK44Q==
  dependencies:
    js-yaml "^3.13.1"
    kind-of "^6.0.2"
    section-matter "^1.0.0"
    strip-bom-string "^1.0.0"

intersection-observer@^0.12.2:
  version "0.12.2"
  resolved "https://registry.yarnpkg.com/intersection-observer/-/intersection-observer-0.12.2.tgz#4a45349cc0cd91916682b1f44c28d7ec737dc375"
  integrity sha512-7m1vEcPCxXYI8HqnL8CKI6siDyD+eIWSwgB3DZA+ZTogxk9I4CDnj4wilt9x/+/QbHI4YG5YZNmC6458/e9Ktg==

is-extendable@^0.1.0:
  version "0.1.1"
  resolved "https://registry.yarnpkg.com/is-extendable/-/is-extendable-0.1.1.tgz#62b110e289a471418e3ec36a617d472e301dfc89"
  integrity sha1-YrEQ4omkcUGOPsNqYX1HLjAd/Ik=

"js-tokens@^3.0.0 || ^4.0.0":
  version "4.0.0"
  resolved "https://registry.yarnpkg.com/js-tokens/-/js-tokens-4.0.0.tgz#19203fb59991df98e3a287050d4647cdeaf32499"
  integrity sha512-RdJUflcE3cUzKiMqQgsCu06FPu9UdIJO0beYbPhHN4k6apgJtifcoCtT9bcxOpYBtpD2kCM6Sbzg4CausW/PKQ==

js-yaml@^3.13.1:
  version "3.14.1"
  resolved "https://registry.yarnpkg.com/js-yaml/-/js-yaml-3.14.1.tgz#dae812fdb3825fa306609a8717383c50c36a0537"
  integrity sha512-okMH7OXXJ7YrN9Ok3/SXrnu4iX9yOk+25nqX4imS2npuvTYDmo/QEZoqwZkYaIDk3jVvBOTOIEgEhaLOynBS9g==
  dependencies:
    argparse "^1.0.7"
    esprima "^4.0.0"

kind-of@^6.0.0, kind-of@^6.0.2:
  version "6.0.3"
  resolved "https://registry.yarnpkg.com/kind-of/-/kind-of-6.0.3.tgz#07c05034a6c349fa06e24fa35aa76db4580ce4dd"
  integrity sha512-dcS1ul+9tmeD95T+x28/ehLgd9mENa3LsvDTtzm3vyBEO7RPptvAD+t44WVXaUjTBRcrpFeFlC8WCruUR456hw==

lodash.debounce@^4.0.8:
  version "4.0.8"
  resolved "https://registry.yarnpkg.com/lodash.debounce/-/lodash.debounce-4.0.8.tgz#82d79bff30a67c4005ffd5e2515300ad9ca4d7af"
  integrity sha1-gteb/zCmfEAF/9XiUVMArZyk168=

loose-envify@^1.1.0:
  version "1.4.0"
  resolved "https://registry.yarnpkg.com/loose-envify/-/loose-envify-1.4.0.tgz#71ee51fa7be4caec1a63839f7e682d8132d30caf"
  integrity sha512-lyuxPGr/Wfhrlem2CL/UcnUc1zcqKAImBDzukY7Y5F/yQiNdko6+fRLevlw1HgMySw7f611UIY408EtxRSoK3Q==
  dependencies:
    js-tokens "^3.0.0 || ^4.0.0"

marked@^2.0.6:
  version "2.1.3"
  resolved "https://registry.yarnpkg.com/marked/-/marked-2.1.3.tgz#bd017cef6431724fd4b27e0657f5ceb14bff3753"
  integrity sha512-/Q+7MGzaETqifOMWYEA7HVMaZb4XbcRfaOzcSsHZEith83KGlvaSG33u0SKu89Mj5h+T8V2hM+8O45Qc5XTgwA==

nanoid@^3.3.4:
  version "3.3.6"
  resolved "https://registry.yarnpkg.com/nanoid/-/nanoid-3.3.6.tgz#443380c856d6e9f9824267d960b4236ad583ea4c"
  integrity sha512-BGcqMMJuToF7i1rt+2PWSNVnWIkGCU78jBG3RxO/bZlnZPK2Cmi2QaffxGO/2RvWi9sL+FAiRiXMgsyxQ1DIDA==

next@^13.5.0:
  version "13.5.0"
  resolved "https://registry.yarnpkg.com/next/-/next-13.5.0.tgz#3a3ce5b8c89c4fff9c6f0b2452bcb03f63d8c84c"
  integrity sha512-mhguN5JPZXhhrD/nNcezXgKoxN8GT8xZvvGhUQV2ETiaNm+KHRWT1rCbrF5FlbG2XCcLRKOmOe3D5YQgXmJrDQ==
  dependencies:
    "@next/env" "13.5.0"
    "@swc/helpers" "0.5.2"
    busboy "1.6.0"
    caniuse-lite "^1.0.30001406"
    postcss "8.4.14"
    styled-jsx "5.1.1"
    watchpack "2.4.0"
    zod "3.21.4"
  optionalDependencies:
    "@next/swc-darwin-arm64" "13.5.0"
    "@next/swc-darwin-x64" "13.5.0"
    "@next/swc-linux-arm64-gnu" "13.5.0"
    "@next/swc-linux-arm64-musl" "13.5.0"
    "@next/swc-linux-x64-gnu" "13.5.0"
    "@next/swc-linux-x64-musl" "13.5.0"
    "@next/swc-win32-arm64-msvc" "13.5.0"
    "@next/swc-win32-ia32-msvc" "13.5.0"
    "@next/swc-win32-x64-msvc" "13.5.0"

node-releases@^2.0.8:
  version "2.0.10"
  resolved "https://registry.yarnpkg.com/node-releases/-/node-releases-2.0.10.tgz#c311ebae3b6a148c89b1813fd7c4d3c024ef537f"
  integrity sha512-5GFldHPXVG/YZmFzJvKK2zDSzPKhEp0+ZR5SVaoSag9fsL5YgHbUHDfnG5494ISANDcK4KwPXAx2xqVEydmd7w==

normalize-range@^0.1.2:
  version "0.1.2"
  resolved "https://registry.yarnpkg.com/normalize-range/-/normalize-range-0.1.2.tgz#2d10c06bdfd312ea9777695a4d28439456b75942"
  integrity sha1-LRDAa9/TEuqXd2laTShDlFa3WUI=

nprogress@^0.2.0:
  version "0.2.0"
  resolved "https://registry.yarnpkg.com/nprogress/-/nprogress-0.2.0.tgz#cb8f34c53213d895723fcbab907e9422adbcafb1"
  integrity sha1-y480xTIT2JVyP8urkH6UIq28r7E=

picocolors@^1.0.0:
  version "1.0.0"
  resolved "https://registry.yarnpkg.com/picocolors/-/picocolors-1.0.0.tgz#cb5bdc74ff3f51892236eaf79d68bc44564ab81c"
  integrity sha512-1fygroTLlHu66zi26VoTDv8yRgm0Fccecssto+MhsZ0D/DGW2sm8E8AjW7NU5VVTRt5GxbeZ5qBuJr+HyLYkjQ==

postcss-attribute-case-insensitive@^6.0.2:
  version "6.0.2"
  resolved "https://registry.yarnpkg.com/postcss-attribute-case-insensitive/-/postcss-attribute-case-insensitive-6.0.2.tgz#e843091859323342e461878d201ee70278809e01"
  integrity sha512-IRuCwwAAQbgaLhxQdQcIIK0dCVXg3XDUnzgKD8iwdiYdwU4rMWRWyl/W9/0nA4ihVpq5pyALiHB2veBJ0292pw==
  dependencies:
    postcss-selector-parser "^6.0.10"

postcss-clamp@^4.1.0:
  version "4.1.0"
  resolved "https://registry.yarnpkg.com/postcss-clamp/-/postcss-clamp-4.1.0.tgz#7263e95abadd8c2ba1bd911b0b5a5c9c93e02363"
  integrity sha512-ry4b1Llo/9zz+PKC+030KUnPITTJAHeOwjfAyyB60eT0AorGLdzp52s31OsPRHRf8NchkgFoG2y6fCfn1IV1Ow==
  dependencies:
    postcss-value-parser "^4.2.0"

postcss-color-functional-notation@^5.0.2:
  version "5.0.2"
  resolved "https://registry.yarnpkg.com/postcss-color-functional-notation/-/postcss-color-functional-notation-5.0.2.tgz#6d03c928aa3a13487703af86c301bdcd501e7430"
  integrity sha512-M6ygxWOyd6eWf3sd1Lv8xi4SeF4iBPfJvkfMU4ITh8ExJc1qhbvh/U8Cv/uOvBgUVOMDdScvCdlg8+hREQzs7w==
  dependencies:
    postcss-value-parser "^4.2.0"

postcss-color-hex-alpha@^9.0.2:
  version "9.0.2"
  resolved "https://registry.yarnpkg.com/postcss-color-hex-alpha/-/postcss-color-hex-alpha-9.0.2.tgz#6d3ed50342802469880981a1999515d003ff7d79"
  integrity sha512-SfPjgr//VQ/DOCf80STIAsdAs7sbIbxATvVmd+Ec7JvR8onz9pjawhq3BJM3Pie40EE3TyB0P6hft16D33Nlyg==
  dependencies:
    postcss-value-parser "^4.2.0"

postcss-color-rebeccapurple@^8.0.2:
  version "8.0.2"
  resolved "https://registry.yarnpkg.com/postcss-color-rebeccapurple/-/postcss-color-rebeccapurple-8.0.2.tgz#c0f2dcf1ef4dd393314920aa181cca8c390a2648"
  integrity sha512-xWf/JmAxVoB5bltHpXk+uGRoGFwu4WDAR7210el+iyvTdqiKpDhtcT8N3edXMoVJY0WHFMrKMUieql/wRNiXkw==
  dependencies:
    postcss-value-parser "^4.2.0"

postcss-custom-media@^9.1.3:
  version "9.1.3"
  resolved "https://registry.yarnpkg.com/postcss-custom-media/-/postcss-custom-media-9.1.3.tgz#68bb2ae377bb07c19f03f252930cc380af894dce"
  integrity sha512-W1C4Fu6KAZ7sKYQCuGMr8gyaE4BtjTQGPLVS4m0WCaWM6l7PgVbvmDeb4ClBc5R/7kdwESYf0hdxGtEPhi9CLA==
  dependencies:
    "@csstools/cascade-layer-name-parser" "^1.0.2"
    "@csstools/css-parser-algorithms" "^2.1.1"
    "@csstools/css-tokenizer" "^2.1.1"
    "@csstools/media-query-list-parser" "^2.0.4"

postcss-custom-properties@^13.1.5:
  version "13.1.5"
  resolved "https://registry.yarnpkg.com/postcss-custom-properties/-/postcss-custom-properties-13.1.5.tgz#75567e3b4a664f820bcc3ba8b6ae3c8d27db05d1"
  integrity sha512-98DXk81zTGqMVkGANysMHbGIg3voH383DYo3/+c+Abzay3nao+vM/f4Jgzsakk9S7BDsEw5DiW7sFy5G4W2wLA==
  dependencies:
    "@csstools/cascade-layer-name-parser" "^1.0.2"
    "@csstools/css-parser-algorithms" "^2.1.1"
    "@csstools/css-tokenizer" "^2.1.1"
    postcss-value-parser "^4.2.0"

postcss-custom-selectors@^7.1.3:
  version "7.1.3"
  resolved "https://registry.yarnpkg.com/postcss-custom-selectors/-/postcss-custom-selectors-7.1.3.tgz#047e2bc4726fe8e448c23047c99785fcdbe1ef87"
  integrity sha512-GTVscax6O/8s7agFF0HsOoIyjrnAbLjgCUle8tn+0oDGJuVx7p56U7ClSRoC49poxFuMfu2B4Q8GnxSCOeuFKw==
  dependencies:
    "@csstools/cascade-layer-name-parser" "^1.0.2"
    "@csstools/css-parser-algorithms" "^2.1.1"
    "@csstools/css-tokenizer" "^2.1.1"
    postcss-selector-parser "^6.0.4"

postcss-dir-pseudo-class@^7.0.2:
  version "7.0.2"
  resolved "https://registry.yarnpkg.com/postcss-dir-pseudo-class/-/postcss-dir-pseudo-class-7.0.2.tgz#71618b7eb4abe067845d11b3c8f322760c9b3e88"
  integrity sha512-cMnslilYxBf9k3qejnovrUONZx1rXeUZJw06fgIUBzABJe3D2LiLL5WAER7Imt3nrkaIgG05XZBztueLEf5P8w==
  dependencies:
    postcss-selector-parser "^6.0.10"

postcss-double-position-gradients@^4.0.2:
  version "4.0.2"
  resolved "https://registry.yarnpkg.com/postcss-double-position-gradients/-/postcss-double-position-gradients-4.0.2.tgz#855a23201f26be447210504e9b668429cbf4640c"
  integrity sha512-GXL1RmFREDK4Q9aYvI2RhVrA6a6qqSMQQ5ke8gSH1xgV6exsqbcJpIumC7AOgooH6/WIG3/K/T8xxAiVHy/tJg==
  dependencies:
    "@csstools/postcss-progressive-custom-properties" "^2.0.0"
    postcss-value-parser "^4.2.0"

postcss-flexbugs-fixes@^5.0.2:
  version "5.0.2"
  resolved "https://registry.yarnpkg.com/postcss-flexbugs-fixes/-/postcss-flexbugs-fixes-5.0.2.tgz#2028e145313074fc9abe276cb7ca14e5401eb49d"
  integrity sha512-18f9voByak7bTktR2QgDveglpn9DTbBWPUzSOe9g0N4WR/2eSt6Vrcbf0hmspvMI6YWGywz6B9f7jzpFNJJgnQ==

postcss-focus-visible@^8.0.2:
  version "8.0.2"
  resolved "https://registry.yarnpkg.com/postcss-focus-visible/-/postcss-focus-visible-8.0.2.tgz#a7ac26ffe3e9c2bd17d7200d75e2d79ee8110891"
  integrity sha512-f/Vd+EC/GaKElknU59esVcRYr/Y3t1ZAQyL4u2xSOgkDy4bMCmG7VP5cGvj3+BTLNE9ETfEuz2nnt4qkZwTTeA==
  dependencies:
    postcss-selector-parser "^6.0.10"

postcss-focus-within@^7.0.2:
  version "7.0.2"
  resolved "https://registry.yarnpkg.com/postcss-focus-within/-/postcss-focus-within-7.0.2.tgz#5d2c866030e66ed22b204c9506de640943310b1c"
  integrity sha512-AHAJ89UQBcqBvFgQJE9XasGuwMNkKsGj4D/f9Uk60jFmEBHpAL14DrnSk3Rj+SwZTr/WUG+mh+Rvf8fid/346w==
  dependencies:
    postcss-selector-parser "^6.0.10"

postcss-font-variant@^5.0.0:
  version "5.0.0"
  resolved "https://registry.yarnpkg.com/postcss-font-variant/-/postcss-font-variant-5.0.0.tgz#efd59b4b7ea8bb06127f2d031bfbb7f24d32fa66"
  integrity sha512-1fmkBaCALD72CK2a9i468mA/+tr9/1cBxRRMXOUaZqO43oWPR5imcyPjXwuv7PXbCid4ndlP5zWhidQVVa3hmA==

postcss-gap-properties@^4.0.1:
  version "4.0.1"
  resolved "https://registry.yarnpkg.com/postcss-gap-properties/-/postcss-gap-properties-4.0.1.tgz#0347d6a84a46bfbe88bedc542cc4b354e04a8338"
  integrity sha512-V5OuQGw4lBumPlwHWk/PRfMKjaq/LTGR4WDTemIMCaMevArVfCCA9wBJiL1VjDAd+rzuCIlkRoRvDsSiAaZ4Fg==

postcss-hover-media-feature@^1.0.2:
  version "1.0.2"
  resolved "https://registry.yarnpkg.com/postcss-hover-media-feature/-/postcss-hover-media-feature-1.0.2.tgz#7c2046ddee1521148660195864b014d6c1d13b3c"
  integrity sha512-o5xDUqCQ4xtilWOcvo5LKYxFVSLWcBN0IlTqa0IJwAwHTd4pxKmX4c0fGIpgLQCcBB/+aFizt2NVWNGJWG4Izg==
  dependencies:
    postcss-selector-parser "^6.0.4"

postcss-image-set-function@^5.0.2:
  version "5.0.2"
  resolved "https://registry.yarnpkg.com/postcss-image-set-function/-/postcss-image-set-function-5.0.2.tgz#088e0f535f43e74d6ea8033ff7b0482e2735ea6e"
  integrity sha512-Sszjwo0ubETX0Fi5MvpYzsONwrsjeabjMoc5YqHvURFItXgIu3HdCjcVuVKGMPGzKRhgaknmdM5uVWInWPJmeg==
  dependencies:
    postcss-value-parser "^4.2.0"

postcss-initial@^4.0.1:
  version "4.0.1"
  resolved "https://registry.yarnpkg.com/postcss-initial/-/postcss-initial-4.0.1.tgz#529f735f72c5724a0fb30527df6fb7ac54d7de42"
  integrity sha512-0ueD7rPqX8Pn1xJIjay0AZeIuDoF+V+VvMt/uOnn+4ezUKhZM/NokDeP6DwMNyIoYByuN/94IQnt5FEkaN59xQ==

postcss-lab-function@^5.2.1:
  version "5.2.1"
  resolved "https://registry.yarnpkg.com/postcss-lab-function/-/postcss-lab-function-5.2.1.tgz#a1f324fa5c098bddf36de221abcc32070c77b5db"
  integrity sha512-u71Adr4nWi+4EmSZq5EV/fg9d1dYO6W26RNtT9LISEyjhH1q23vJIUkSqRwHgD6v7xxsxLOY5cSdVyaNE6rqzw==
  dependencies:
    "@csstools/css-color-parser" "^1.1.2"
    "@csstools/css-parser-algorithms" "^2.1.1"
    "@csstools/css-tokenizer" "^2.1.1"
    "@csstools/postcss-progressive-custom-properties" "^2.0.0"

postcss-logical@^6.1.0:
  version "6.1.0"
  resolved "https://registry.yarnpkg.com/postcss-logical/-/postcss-logical-6.1.0.tgz#c33ae75d3edaea7eb821e76dc4e6d0ecedc3200d"
  integrity sha512-qb1+LpClhYjxac8SfOcWotnY3unKZesDqIOm+jnGt8rTl7xaIWpE2bPGZHxflOip1E/4ETo79qlJyRL3yrHn1g==
  dependencies:
    postcss-value-parser "^4.2.0"

postcss-nesting@^11.2.1:
  version "11.2.2"
  resolved "https://registry.yarnpkg.com/postcss-nesting/-/postcss-nesting-11.2.2.tgz#ddedfea5a1fdcd8d753298d82297ad15d5640c0f"
  integrity sha512-aOTiUniAB1bcPE6GGiynWRa6PZFPhOTAm5q3q5cem6QeSijIHHkWr6gs65ukCZMXeak8yXeZVbBJET3VM+HlhA==
  dependencies:
    "@csstools/selector-specificity" "^2.0.0"
    postcss-selector-parser "^6.0.10"

postcss-opacity-percentage@^2.0.0:
  version "2.0.0"
  resolved "https://registry.yarnpkg.com/postcss-opacity-percentage/-/postcss-opacity-percentage-2.0.0.tgz#c0a56060cd4586e3f954dbde1efffc2deed53002"
  integrity sha512-lyDrCOtntq5Y1JZpBFzIWm2wG9kbEdujpNt4NLannF+J9c8CgFIzPa80YQfdza+Y+yFfzbYj/rfoOsYsooUWTQ==

postcss-overflow-shorthand@^4.0.1:
  version "4.0.1"
  resolved "https://registry.yarnpkg.com/postcss-overflow-shorthand/-/postcss-overflow-shorthand-4.0.1.tgz#cb61ca24d8c4e1dbf14d85181b017cfa6953aa34"
  integrity sha512-HQZ0qi/9iSYHW4w3ogNqVNr2J49DHJAl7r8O2p0Meip38jsdnRPgiDW7r/LlLrrMBMe3KHkvNtAV2UmRVxzLIg==
  dependencies:
    postcss-value-parser "^4.2.0"

postcss-page-break@^3.0.4:
  version "3.0.4"
  resolved "https://registry.yarnpkg.com/postcss-page-break/-/postcss-page-break-3.0.4.tgz#7fbf741c233621622b68d435babfb70dd8c1ee5f"
  integrity sha512-1JGu8oCjVXLa9q9rFTo4MbeeA5FMe00/9C7lN4va606Rdb+HkxXtXsmEDrIraQ11fGz/WvKWa8gMuCKkrXpTsQ==

postcss-place@^8.0.1:
  version "8.0.1"
  resolved "https://registry.yarnpkg.com/postcss-place/-/postcss-place-8.0.1.tgz#408d7a27e99192df51c95fe62a3a34def62aa66a"
  integrity sha512-Ow2LedN8sL4pq8ubukO77phSVt4QyCm35ZGCYXKvRFayAwcpgB0sjNJglDoTuRdUL32q/ZC1VkPBo0AOEr4Uiw==
  dependencies:
    postcss-value-parser "^4.2.0"

postcss-preset-env@^8.3.2:
  version "8.3.2"
  resolved "https://registry.yarnpkg.com/postcss-preset-env/-/postcss-preset-env-8.3.2.tgz#9ec368e0f0df9c693d52b69d525d366fe4b1833a"
  integrity sha512-VSAOsfxTXzO/gX5QljC8x8hN3ABbD9iqqLgqHqohBdNI5FhJptwpl96kpu+kYvvzK7BWwaHYou0IeYrp+NqmcQ==
  dependencies:
    "@csstools/postcss-cascade-layers" "^3.0.1"
    "@csstools/postcss-color-function" "^2.2.1"
    "@csstools/postcss-color-mix-function" "^1.0.1"
    "@csstools/postcss-font-format-keywords" "^2.0.2"
    "@csstools/postcss-gradients-interpolation-method" "^3.0.4"
    "@csstools/postcss-hwb-function" "^2.2.1"
    "@csstools/postcss-ic-unit" "^2.0.2"
    "@csstools/postcss-is-pseudo-class" "^3.2.0"
    "@csstools/postcss-logical-float-and-clear" "^1.0.1"
    "@csstools/postcss-logical-resize" "^1.0.1"
    "@csstools/postcss-logical-viewport-units" "^1.0.3"
    "@csstools/postcss-media-minmax" "^1.0.2"
    "@csstools/postcss-media-queries-aspect-ratio-number-values" "^1.0.2"
    "@csstools/postcss-nested-calc" "^2.0.2"
    "@csstools/postcss-normalize-display-values" "^2.0.1"
    "@csstools/postcss-oklab-function" "^2.2.1"
    "@csstools/postcss-progressive-custom-properties" "^2.1.0"
    "@csstools/postcss-scope-pseudo-class" "^2.0.2"
    "@csstools/postcss-stepped-value-functions" "^2.1.1"
    "@csstools/postcss-text-decoration-shorthand" "^2.2.3"
    "@csstools/postcss-trigonometric-functions" "^2.1.1"
    "@csstools/postcss-unset-value" "^2.0.1"
    autoprefixer "^10.4.14"
    browserslist "^4.21.5"
    css-blank-pseudo "^5.0.2"
    css-has-pseudo "^5.0.2"
    css-prefers-color-scheme "^8.0.2"
    cssdb "^7.5.3"
    postcss-attribute-case-insensitive "^6.0.2"
    postcss-clamp "^4.1.0"
    postcss-color-functional-notation "^5.0.2"
    postcss-color-hex-alpha "^9.0.2"
    postcss-color-rebeccapurple "^8.0.2"
    postcss-custom-media "^9.1.3"
    postcss-custom-properties "^13.1.5"
    postcss-custom-selectors "^7.1.3"
    postcss-dir-pseudo-class "^7.0.2"
    postcss-double-position-gradients "^4.0.2"
    postcss-focus-visible "^8.0.2"
    postcss-focus-within "^7.0.2"
    postcss-font-variant "^5.0.0"
    postcss-gap-properties "^4.0.1"
    postcss-image-set-function "^5.0.2"
    postcss-initial "^4.0.1"
    postcss-lab-function "^5.2.1"
    postcss-logical "^6.1.0"
    postcss-nesting "^11.2.1"
    postcss-opacity-percentage "^2.0.0"
    postcss-overflow-shorthand "^4.0.1"
    postcss-page-break "^3.0.4"
    postcss-place "^8.0.1"
    postcss-pseudo-class-any-link "^8.0.2"
    postcss-replace-overflow-wrap "^4.0.0"
    postcss-selector-not "^7.0.1"
    postcss-value-parser "^4.2.0"

postcss-pseudo-class-any-link@^8.0.2:
  version "8.0.2"
  resolved "https://registry.yarnpkg.com/postcss-pseudo-class-any-link/-/postcss-pseudo-class-any-link-8.0.2.tgz#f5738503f2045de0c4dc216eca99bd835f74e42e"
  integrity sha512-FYTIuRE07jZ2CW8POvctRgArQJ43yxhr5vLmImdKUvjFCkR09kh8pIdlCwdx/jbFm7MiW4QP58L4oOUv3grQYA==
  dependencies:
    postcss-selector-parser "^6.0.10"

postcss-replace-overflow-wrap@^4.0.0:
  version "4.0.0"
  resolved "https://registry.yarnpkg.com/postcss-replace-overflow-wrap/-/postcss-replace-overflow-wrap-4.0.0.tgz#d2df6bed10b477bf9c52fab28c568b4b29ca4319"
  integrity sha512-KmF7SBPphT4gPPcKZc7aDkweHiKEEO8cla/GjcBK+ckKxiZslIu3C4GCRW3DNfL0o7yW7kMQu9xlZ1kXRXLXtw==

postcss-selector-not@^7.0.1:
  version "7.0.1"
  resolved "https://registry.yarnpkg.com/postcss-selector-not/-/postcss-selector-not-7.0.1.tgz#8142e90c8eb6c8c5faecb3e9d96d4353d02e94fb"
  integrity sha512-1zT5C27b/zeJhchN7fP0kBr16Cc61mu7Si9uWWLoA3Px/D9tIJPKchJCkUH3tPO5D0pCFmGeApAv8XpXBQJ8SQ==
  dependencies:
    postcss-selector-parser "^6.0.10"

postcss-selector-parser@^6.0.10:
  version "6.0.11"
  resolved "https://registry.yarnpkg.com/postcss-selector-parser/-/postcss-selector-parser-6.0.11.tgz#2e41dc39b7ad74046e1615185185cd0b17d0c8dc"
  integrity sha512-zbARubNdogI9j7WY4nQJBiNqQf3sLS3wCP4WfOidu+p28LofJqDH1tcXypGrcmMHhDk2t9wGhCsYe/+szLTy1g==
  dependencies:
    cssesc "^3.0.0"
    util-deprecate "^1.0.2"

postcss-selector-parser@^6.0.4:
  version "6.0.6"
  resolved "https://registry.yarnpkg.com/postcss-selector-parser/-/postcss-selector-parser-6.0.6.tgz#2c5bba8174ac2f6981ab631a42ab0ee54af332ea"
  integrity sha512-9LXrvaaX3+mcv5xkg5kFwqSzSH1JIObIx51PrndZwlmznwXRfxMddDvo9gve3gVR8ZTKgoFDdWkbRFmEhT4PMg==
  dependencies:
    cssesc "^3.0.0"
    util-deprecate "^1.0.2"

postcss-value-parser@^4.2.0:
  version "4.2.0"
  resolved "https://registry.yarnpkg.com/postcss-value-parser/-/postcss-value-parser-4.2.0.tgz#723c09920836ba6d3e5af019f92bc0971c02e514"
  integrity sha512-1NNCs6uurfkVbeXG4S8JFT9t19m45ICnif8zWLd5oPSZ50QnwMfK+H3jv408d4jw/7Bttv5axS5IiHoLaVNHeQ==

postcss@8.4.14:
  version "8.4.14"
  resolved "https://registry.yarnpkg.com/postcss/-/postcss-8.4.14.tgz#ee9274d5622b4858c1007a74d76e42e56fd21caf"
  integrity sha512-E398TUmfAYFPBSdzgeieK2Y1+1cpdxJx8yXbK/m57nRhKSmk1GB2tO4lbLBtlkfPQTDKfe4Xqv1ASWPpayPEig==
  dependencies:
    nanoid "^3.3.4"
    picocolors "^1.0.0"
    source-map-js "^1.0.2"

prettier@^2.8.8:
  version "2.8.8"
  resolved "https://registry.yarnpkg.com/prettier/-/prettier-2.8.8.tgz#e8c5d7e98a4305ffe3de2e1fc4aca1a71c28b1da"
  integrity sha512-tdN8qQGvNjw4CHbY+XXk0JgCXn9QiF21a55rBe5LJAU+kDyC4WQn4+awm2Xfk2lQMk5fKup9XgzTZtGkjBdP9Q==

prism-react-renderer@^1.2.1:
  version "1.3.5"
  resolved "https://registry.yarnpkg.com/prism-react-renderer/-/prism-react-renderer-1.3.5.tgz#786bb69aa6f73c32ba1ee813fbe17a0115435085"
  integrity sha512-IJ+MSwBWKG+SM3b2SUfdrhC+gu01QkV2KmRQgREThBfSQRoufqRfxfHUxpG1WcaFjP+kojcFyO9Qqtpgt3qLCg==

react-dom@^18.2.0:
  version "18.2.0"
  resolved "https://registry.yarnpkg.com/react-dom/-/react-dom-18.2.0.tgz#22aaf38708db2674ed9ada224ca4aa708d821e3d"
  integrity sha512-6IMTriUmvsjHUjNtEDudZfuDQUoWXVxKHhlEGSk81n4YFS+r/Kl99wXiwlVXtPBtJenozv2P+hxDsw9eA7Xo6g==
  dependencies:
    loose-envify "^1.1.0"
    scheduler "^0.23.0"

react-intersection-observer@^9.4.3:
  version "9.4.3"
  resolved "https://registry.yarnpkg.com/react-intersection-observer/-/react-intersection-observer-9.4.3.tgz#ec84ce0c25cad548075130ea045ac5c7adf908f3"
  integrity sha512-WNRqMQvKpupr6MzecAQI0Pj0+JQong307knLP4g/nBex7kYfIaZsPpXaIhKHR+oV8z+goUbH9e10j6lGRnTzlQ==

react@^18.2.0:
  version "18.2.0"
  resolved "https://registry.yarnpkg.com/react/-/react-18.2.0.tgz#555bd98592883255fa00de14f1151a917b5d77d5"
  integrity sha512-/3IjMdb2L9QbBdWiW5e3P2/npwMBaU9mHCSCUzNln0ZCYbcfTsGbTJrU/kGemdH2IWmB2ioZ+zkxtmq6g09fGQ==
  dependencies:
    loose-envify "^1.1.0"

scheduler@^0.23.0:
  version "0.23.0"
  resolved "https://registry.yarnpkg.com/scheduler/-/scheduler-0.23.0.tgz#ba8041afc3d30eb206a487b6b384002e4e61fdfe"
  integrity sha512-CtuThmgHNg7zIZWAXi3AsyIzA3n4xx7aNyjwC2VJldO2LMVDhFK+63xGqq6CsJH4rTAt6/M+N4GhZiDYPx9eUw==
  dependencies:
    loose-envify "^1.1.0"

section-matter@^1.0.0:
  version "1.0.0"
  resolved "https://registry.yarnpkg.com/section-matter/-/section-matter-1.0.0.tgz#e9041953506780ec01d59f292a19c7b850b84167"
  integrity sha512-vfD3pmTzGpufjScBh50YHKzEu2lxBWhVEHsNGoEXmCmn2hKGfeNLYMzCJpe8cD7gqX7TJluOVpBkAequ6dgMmA==
  dependencies:
    extend-shallow "^2.0.1"
    kind-of "^6.0.0"

source-map-js@^1.0.2:
  version "1.0.2"
  resolved "https://registry.yarnpkg.com/source-map-js/-/source-map-js-1.0.2.tgz#adbc361d9c62df380125e7f161f71c826f1e490c"
  integrity sha512-R0XvVJ9WusLiqTCEiGCmICCMplcCkIwwR11mOSD9CR5u+IXYdiseeEuXCVAjS54zqwkLcPNnmU4OeJ6tUrWhDw==

sprintf-js@~1.0.2:
  version "1.0.3"
  resolved "https://registry.yarnpkg.com/sprintf-js/-/sprintf-js-1.0.3.tgz#04e6926f662895354f3dd015203633b857297e2c"
  integrity sha1-BOaSb2YolTVPPdAVIDYzuFcpfiw=

streamsearch@^1.1.0:
  version "1.1.0"
  resolved "https://registry.yarnpkg.com/streamsearch/-/streamsearch-1.1.0.tgz#404dd1e2247ca94af554e841a8ef0eaa238da764"
  integrity sha512-Mcc5wHehp9aXz1ax6bZUyY5afg9u2rv5cqQI3mRrYkGC8rW2hM02jWuwjtL++LS5qinSyhj2QfLyNsuc+VsExg==

strip-bom-string@^1.0.0:
  version "1.0.0"
  resolved "https://registry.yarnpkg.com/strip-bom-string/-/strip-bom-string-1.0.0.tgz#e5211e9224369fbb81d633a2f00044dc8cedad92"
  integrity sha1-5SEekiQ2n7uB1jOi8ABE3IztrZI=

styled-jsx@5.1.1:
  version "5.1.1"
  resolved "https://registry.yarnpkg.com/styled-jsx/-/styled-jsx-5.1.1.tgz#839a1c3aaacc4e735fed0781b8619ea5d0009d1f"
  integrity sha512-pW7uC1l4mBZ8ugbiZrcIsiIvVx1UmTfw7UkC3Um2tmfUq9Bhk8IiyEIPl6F8agHgjzku6j0xQEZbfA5uSgSaCw==
  dependencies:
    client-only "0.0.1"

tslib@^2.4.0:
  version "2.5.0"
  resolved "https://registry.yarnpkg.com/tslib/-/tslib-2.5.0.tgz#42bfed86f5787aeb41d031866c8f402429e0fddf"
  integrity sha512-336iVw3rtn2BUK7ORdIAHTyxHGRIHVReokCR3XjbckJMK7ms8FysBfhLR8IXnAgy7T0PTPNBWKiH514FOW/WSg==

typescript@^5.0.4:
  version "5.0.4"
  resolved "https://registry.yarnpkg.com/typescript/-/typescript-5.0.4.tgz#b217fd20119bd61a94d4011274e0ab369058da3b"
  integrity sha512-cW9T5W9xY37cc+jfEnaUvX91foxtHkza3Nw3wkoF4sSlKn0MONdkdEndig/qPBWXNkmplh3NzayQzCiHM4/hqw==

update-browserslist-db@^1.0.10:
  version "1.0.11"
  resolved "https://registry.yarnpkg.com/update-browserslist-db/-/update-browserslist-db-1.0.11.tgz#9a2a641ad2907ae7b3616506f4b977851db5b940"
  integrity sha512-dCwEFf0/oT85M1fHBg4F0jtLwJrutGoHSQXCh7u4o2t1drG+c0a9Flnqww6XUKSfQMPpJBRjU8d4RXB09qtvaA==
  dependencies:
    escalade "^3.1.1"
    picocolors "^1.0.0"

util-deprecate@^1.0.2:
  version "1.0.2"
  resolved "https://registry.yarnpkg.com/util-deprecate/-/util-deprecate-1.0.2.tgz#450d4dc9fa70de732762fbd2d4a28981419a0ccf"
  integrity sha1-RQ1Nyfpw3nMnYvvS1KKJgUGaDM8=

watchpack@2.4.0:
  version "2.4.0"
  resolved "https://registry.yarnpkg.com/watchpack/-/watchpack-2.4.0.tgz#fa33032374962c78113f93c7f2fb4c54c9862a5d"
  integrity sha512-Lcvm7MGST/4fup+ifyKi2hjyIAwcdI4HRgtvTpIUxBRhB+RFtUh8XtDOxUfctVCnhVi+QQj49i91OyvzkJl6cg==
  dependencies:
    glob-to-regexp "^0.4.1"
    graceful-fs "^4.1.2"

zod@3.21.4:
  version "3.21.4"
  resolved "https://registry.yarnpkg.com/zod/-/zod-3.21.4.tgz#10882231d992519f0a10b5dd58a38c9dabbb64db"
  integrity sha512-m46AKbrzKVzOzs/DZgVnG5H55N1sv1M8qZU3A8RIKbs3mrACDNeIOeilDymVb2HdmP8uwshOCF4uJ8uM9rCqJw==
